// !$*UTF8*$!
{
	archiveVersion = 1;
	classes = {
	};
	objectVersion = 56;
	objects = {

/* Begin PBXBuildFile section */
		2B2FAC8529F37EB60086361D /* AppDelegate.swift in Sources */ = {isa = PBXBuildFile; fileRef = 2B2FAC8429F37EB60086361D /* AppDelegate.swift */; };
		2B2FAC8729F37EB60086361D /* SceneDelegate.swift in Sources */ = {isa = PBXBuildFile; fileRef = 2B2FAC8629F37EB60086361D /* SceneDelegate.swift */; };
		2B2FAC8C29F37EB60086361D /* Main.storyboard in Resources */ = {isa = PBXBuildFile; fileRef = 2B2FAC8A29F37EB60086361D /* Main.storyboard */; };
		2B2FAC8E29F37EB70086361D /* Assets.xcassets in Resources */ = {isa = PBXBuildFile; fileRef = 2B2FAC8D29F37EB70086361D /* Assets.xcassets */; };
		2B2FAC9129F37EB70086361D /* LaunchScreen.storyboard in Resources */ = {isa = PBXBuildFile; fileRef = 2B2FAC8F29F37EB70086361D /* LaunchScreen.storyboard */; };
		2B2FAC9929F381890086361D /* PhotoLibraryManager.swift in Sources */ = {isa = PBXBuildFile; fileRef = 2B2FAC9829F381890086361D /* PhotoLibraryManager.swift */; };
		2B2FAC9B29F381E00086361D /* ScreenShotsVC.swift in Sources */ = {isa = PBXBuildFile; fileRef = 2B2FAC9A29F381E00086361D /* ScreenShotsVC.swift */; };
		2B2FAC9E29F3829A0086361D /* ChildSimmilarCell.xib in Resources */ = {isa = PBXBuildFile; fileRef = 2B2FAC9C29F3829A0086361D /* ChildSimmilarCell.xib */; };
		2B2FAC9F29F3829A0086361D /* ChildSimmilarCell.swift in Sources */ = {isa = PBXBuildFile; fileRef = 2B2FAC9D29F3829A0086361D /* ChildSimmilarCell.swift */; };
/* End PBXBuildFile section */

/* Begin PBXFileReference section */
		2B2FAC8129F37EB60086361D /* scanImage.app */ = {isa = PBXFileReference; explicitFileType = wrapper.application; includeInIndex = 0; path = scanImage.app; sourceTree = BUILT_PRODUCTS_DIR; };
		2B2FAC8429F37EB60086361D /* AppDelegate.swift */ = {isa = PBXFileReference; lastKnownFileType = sourcecode.swift; path = AppDelegate.swift; sourceTree = "<group>"; };
		2B2FAC8629F37EB60086361D /* SceneDelegate.swift */ = {isa = PBXFileReference; lastKnownFileType = sourcecode.swift; path = SceneDelegate.swift; sourceTree = "<group>"; };
		2B2FAC8B29F37EB60086361D /* Base */ = {isa = PBXFileReference; lastKnownFileType = file.storyboard; name = Base; path = Base.lproj/Main.storyboard; sourceTree = "<group>"; };
		2B2FAC8D29F37EB70086361D /* Assets.xcassets */ = {isa = PBXFileReference; lastKnownFileType = folder.assetcatalog; path = Assets.xcassets; sourceTree = "<group>"; };
		2B2FAC9029F37EB70086361D /* Base */ = {isa = PBXFileReference; lastKnownFileType = file.storyboard; name = Base; path = Base.lproj/LaunchScreen.storyboard; sourceTree = "<group>"; };
		2B2FAC9229F37EB70086361D /* Info.plist */ = {isa = PBXFileReference; lastKnownFileType = text.plist.xml; path = Info.plist; sourceTree = "<group>"; };
		2B2FAC9829F381890086361D /* PhotoLibraryManager.swift */ = {isa = PBXFileReference; fileEncoding = 4; lastKnownFileType = sourcecode.swift; path = PhotoLibraryManager.swift; sourceTree = "<group>"; };
		2B2FAC9A29F381E00086361D /* ScreenShotsVC.swift */ = {isa = PBXFileReference; fileEncoding = 4; lastKnownFileType = sourcecode.swift; path = ScreenShotsVC.swift; sourceTree = "<group>"; };
		2B2FAC9C29F3829A0086361D /* ChildSimmilarCell.xib */ = {isa = PBXFileReference; fileEncoding = 4; lastKnownFileType = file.xib; path = ChildSimmilarCell.xib; sourceTree = "<group>"; };
		2B2FAC9D29F3829A0086361D /* ChildSimmilarCell.swift */ = {isa = PBXFileReference; fileEncoding = 4; lastKnownFileType = sourcecode.swift; path = ChildSimmilarCell.swift; sourceTree = "<group>"; };
/* End PBXFileReference section */

/* Begin PBXFrameworksBuildPhase section */
		2B2FAC7E29F37EB60086361D /* Frameworks */ = {
			isa = PBXFrameworksBuildPhase;
			buildActionMask = 2147483647;
			files = (
			);
			runOnlyForDeploymentPostprocessing = 0;
		};
/* End PBXFrameworksBuildPhase section */

/* Begin PBXGroup section */
		2B2FAC7829F37EB60086361D = {
			isa = PBXGroup;
			children = (
				2B2FAC8329F37EB60086361D /* scanImage */,
				2B2FAC8229F37EB60086361D /* Products */,
			);
			sourceTree = "<group>";
		};
		2B2FAC8229F37EB60086361D /* Products */ = {
			isa = PBXGroup;
			children = (
				2B2FAC8129F37EB60086361D /* scanImage.app */,
			);
			name = Products;
			sourceTree = "<group>";
		};
		2B2FAC8329F37EB60086361D /* scanImage */ = {
			isa = PBXGroup;
			children = (
				2B2FAC9A29F381E00086361D /* ScreenShotsVC.swift */,
				2B2FAC8429F37EB60086361D /* AppDelegate.swift */,
				2B2FAC9D29F3829A0086361D /* ChildSimmilarCell.swift */,
				2B2FAC9C29F3829A0086361D /* ChildSimmilarCell.xib */,
				2B2FAC9829F381890086361D /* PhotoLibraryManager.swift */,
				2B2FAC8629F37EB60086361D /* SceneDelegate.swift */,
				2B2FAC8A29F37EB60086361D /* Main.storyboard */,
				2B2FAC8D29F37EB70086361D /* Assets.xcassets */,
				2B2FAC8F29F37EB70086361D /* LaunchScreen.storyboard */,
				2B2FAC9229F37EB70086361D /* Info.plist */,
			);
			path = scanImage;
			sourceTree = "<group>";
		};
/* End PBXGroup section */

/* Begin PBXNativeTarget section */
		2B2FAC8029F37EB60086361D /* scanImage */ = {
			isa = PBXNativeTarget;
			buildConfigurationList = 2B2FAC9529F37EB70086361D /* Build configuration list for PBXNativeTarget "scanImage" */;
			buildPhases = (
				2B2FAC7D29F37EB60086361D /* Sources */,
				2B2FAC7E29F37EB60086361D /* Frameworks */,
				2B2FAC7F29F37EB60086361D /* Resources */,
			);
			buildRules = (
			);
			dependencies = (
			);
			name = scanImage;
			productName = scanImage;
			productReference = 2B2FAC8129F37EB60086361D /* scanImage.app */;
			productType = "com.apple.product-type.application";
		};
/* End PBXNativeTarget section */

/* Begin PBXProject section */
		2B2FAC7929F37EB60086361D /* Project object */ = {
			isa = PBXProject;
			attributes = {
				BuildIndependentTargetsInParallel = 1;
				LastSwiftUpdateCheck = 1420;
				LastUpgradeCheck = 1420;
				TargetAttributes = {
					2B2FAC8029F37EB60086361D = {
						CreatedOnToolsVersion = 14.2;
					};
				};
			};
			buildConfigurationList = 2B2FAC7C29F37EB60086361D /* Build configuration list for PBXProject "scanImage" */;
			compatibilityVersion = "Xcode 14.0";
			developmentRegion = en;
			hasScannedForEncodings = 0;
			knownRegions = (
				en,
				Base,
			);
			mainGroup = 2B2FAC7829F37EB60086361D;
			productRefGroup = 2B2FAC8229F37EB60086361D /* Products */;
			projectDirPath = "";
			projectRoot = "";
			targets = (
				2B2FAC8029F37EB60086361D /* scanImage */,
			);
		};
/* End PBXProject section */

/* Begin PBXResourcesBuildPhase section */
		2B2FAC7F29F37EB60086361D /* Resources */ = {
			isa = PBXResourcesBuildPhase;
			buildActionMask = 2147483647;
			files = (
				2B2FAC9E29F3829A0086361D /* ChildSimmilarCell.xib in Resources */,
				2B2FAC9129F37EB70086361D /* LaunchScreen.storyboard in Resources */,
				2B2FAC8E29F37EB70086361D /* Assets.xcassets in Resources */,
				2B2FAC8C29F37EB60086361D /* Main.storyboard in Resources */,
			);
			runOnlyForDeploymentPostprocessing = 0;
		};
/* End PBXResourcesBuildPhase section */

/* Begin PBXSourcesBuildPhase section */
		2B2FAC7D29F37EB60086361D /* Sources */ = {
			isa = PBXSourcesBuildPhase;
			buildActionMask = 2147483647;
			files = (
				2B2FAC8529F37EB60086361D /* AppDelegate.swift in Sources */,
				2B2FAC9929F381890086361D /* PhotoLibraryManager.swift in Sources */,
				2B2FAC8729F37EB60086361D /* SceneDelegate.swift in Sources */,
				2B2FAC9F29F3829A0086361D /* ChildSimmilarCell.swift in Sources */,
				2B2FAC9B29F381E00086361D /* ScreenShotsVC.swift in Sources */,
			);
			runOnlyForDeploymentPostprocessing = 0;
		};
/* End PBXSourcesBuildPhase section */

/* Begin PBXVariantGroup section */
		2B2FAC8A29F37EB60086361D /* Main.storyboard */ = {
			isa = PBXVariantGroup;
			children = (
				2B2FAC8B29F37EB60086361D /* Base */,
			);
			name = Main.storyboard;
			sourceTree = "<group>";
		};
		2B2FAC8F29F37EB70086361D /* LaunchScreen.storyboard */ = {
			isa = PBXVariantGroup;
			children = (
				2B2FAC9029F37EB70086361D /* Base */,
			);
			name = LaunchScreen.storyboard;
			sourceTree = "<group>";
		};
/* End PBXVariantGroup section */

/* Begin XCBuildConfiguration section */
		2B2FAC9329F37EB70086361D /* Debug */ = {
			isa = XCBuildConfiguration;
			buildSettings = {
				ALWAYS_SEARCH_USER_PATHS = NO;
				CLANG_ANALYZER_NONNULL = YES;
				CLANG_ANALYZER_NUMBER_OBJECT_CONVERSION = YES_AGGRESSIVE;
				CLANG_CXX_LANGUAGE_STANDARD = "gnu++20";
				CLANG_ENABLE_MODULES = YES;
				CLANG_ENABLE_OBJC_ARC = YES;
				CLANG_ENABLE_OBJC_WEAK = YES;
				CLANG_WARN_BLOCK_CAPTURE_AUTORELEASING = YES;
				CLANG_WARN_BOOL_CONVERSION = YES;
				CLANG_WARN_COMMA = YES;
				CLANG_WARN_CONSTANT_CONVERSION = YES;
				CLANG_WARN_DEPRECATED_OBJC_IMPLEMENTATIONS = YES;
				CLANG_WARN_DIRECT_OBJC_ISA_USAGE = YES_ERROR;
				CLANG_WARN_DOCUMENTATION_COMMENTS = YES;
				CLANG_WARN_EMPTY_BODY = YES;
				CLANG_WARN_ENUM_CONVERSION = YES;
				CLANG_WARN_INFINITE_RECURSION = YES;
				CLANG_WARN_INT_CONVERSION = YES;
				CLANG_WARN_NON_LITERAL_NULL_CONVERSION = YES;
				CLANG_WARN_OBJC_IMPLICIT_RETAIN_SELF = YES;
				CLANG_WARN_OBJC_LITERAL_CONVERSION = YES;
				CLANG_WARN_OBJC_ROOT_CLASS = YES_ERROR;
				CLANG_WARN_QUOTED_INCLUDE_IN_FRAMEWORK_HEADER = YES;
				CLANG_WARN_RANGE_LOOP_ANALYSIS = YES;
				CLANG_WARN_STRICT_PROTOTYPES = YES;
				CLANG_WARN_SUSPICIOUS_MOVE = YES;
				CLANG_WARN_UNGUARDED_AVAILABILITY = YES_AGGRESSIVE;
				CLANG_WARN_UNREACHABLE_CODE = YES;
				CLANG_WARN__DUPLICATE_METHOD_MATCH = YES;
				COPY_PHASE_STRIP = NO;
				DEBUG_INFORMATION_FORMAT = dwarf;
				ENABLE_STRICT_OBJC_MSGSEND = YES;
				ENABLE_TESTABILITY = YES;
				GCC_C_LANGUAGE_STANDARD = gnu11;
				GCC_DYNAMIC_NO_PIC = NO;
				GCC_NO_COMMON_BLOCKS = YES;
				GCC_OPTIMIZATION_LEVEL = 0;
				GCC_PREPROCESSOR_DEFINITIONS = (
					"DEBUG=1",
					"$(inherited)",
				);
				GCC_WARN_64_TO_32_BIT_CONVERSION = YES;
				GCC_WARN_ABOUT_RETURN_TYPE = YES_ERROR;
				GCC_WARN_UNDECLARED_SELECTOR = YES;
				GCC_WARN_UNINITIALIZED_AUTOS = YES_AGGRESSIVE;
				GCC_WARN_UNUSED_FUNCTION = YES;
				GCC_WARN_UNUSED_VARIABLE = YES;
				IPHONEOS_DEPLOYMENT_TARGET = 16.2;
				MTL_ENABLE_DEBUG_INFO = INCLUDE_SOURCE;
				MTL_FAST_MATH = YES;
				ONLY_ACTIVE_ARCH = YES;
				SDKROOT = iphoneos;
				SWIFT_ACTIVE_COMPILATION_CONDITIONS = DEBUG;
				SWIFT_OPTIMIZATION_LEVEL = "-Onone";
			};
			name = Debug;
		};
		2B2FAC9429F37EB70086361D /* Release */ = {
			isa = XCBuildConfiguration;
			buildSettings = {
				ALWAYS_SEARCH_USER_PATHS = NO;
				CLANG_ANALYZER_NONNULL = YES;
				CLANG_ANALYZER_NUMBER_OBJECT_CONVERSION = YES_AGGRESSIVE;
				CLANG_CXX_LANGUAGE_STANDARD = "gnu++20";
				CLANG_ENABLE_MODULES = YES;
				CLANG_ENABLE_OBJC_ARC = YES;
				CLANG_ENABLE_OBJC_WEAK = YES;
				CLANG_WARN_BLOCK_CAPTURE_AUTORELEASING = YES;
				CLANG_WARN_BOOL_CONVERSION = YES;
				CLANG_WARN_COMMA = YES;
				CLANG_WARN_CONSTANT_CONVERSION = YES;
				CLANG_WARN_DEPRECATED_OBJC_IMPLEMENTATIONS = YES;
				CLANG_WARN_DIRECT_OBJC_ISA_USAGE = YES_ERROR;
				CLANG_WARN_DOCUMENTATION_COMMENTS = YES;
				CLANG_WARN_EMPTY_BODY = YES;
				CLANG_WARN_ENUM_CONVERSION = YES;
				CLANG_WARN_INFINITE_RECURSION = YES;
				CLANG_WARN_INT_CONVERSION = YES;
				CLANG_WARN_NON_LITERAL_NULL_CONVERSION = YES;
				CLANG_WARN_OBJC_IMPLICIT_RETAIN_SELF = YES;
				CLANG_WARN_OBJC_LITERAL_CONVERSION = YES;
				CLANG_WARN_OBJC_ROOT_CLASS = YES_ERROR;
				CLANG_WARN_QUOTED_INCLUDE_IN_FRAMEWORK_HEADER = YES;
				CLANG_WARN_RANGE_LOOP_ANALYSIS = YES;
				CLANG_WARN_STRICT_PROTOTYPES = YES;
				CLANG_WARN_SUSPICIOUS_MOVE = YES;
				CLANG_WARN_UNGUARDED_AVAILABILITY = YES_AGGRESSIVE;
				CLANG_WARN_UNREACHABLE_CODE = YES;
				CLANG_WARN__DUPLICATE_METHOD_MATCH = YES;
				COPY_PHASE_STRIP = NO;
				DEBUG_INFORMATION_FORMAT = "dwarf-with-dsym";
				ENABLE_NS_ASSERTIONS = NO;
				ENABLE_STRICT_OBJC_MSGSEND = YES;
				GCC_C_LANGUAGE_STANDARD = gnu11;
				GCC_NO_COMMON_BLOCKS = YES;
				GCC_WARN_64_TO_32_BIT_CONVERSION = YES;
				GCC_WARN_ABOUT_RETURN_TYPE = YES_ERROR;
				GCC_WARN_UNDECLARED_SELECTOR = YES;
				GCC_WARN_UNINITIALIZED_AUTOS = YES_AGGRESSIVE;
				GCC_WARN_UNUSED_FUNCTION = YES;
				GCC_WARN_UNUSED_VARIABLE = YES;
				IPHONEOS_DEPLOYMENT_TARGET = 16.2;
				MTL_ENABLE_DEBUG_INFO = NO;
				MTL_FAST_MATH = YES;
				SDKROOT = iphoneos;
				SWIFT_COMPILATION_MODE = wholemodule;
				SWIFT_OPTIMIZATION_LEVEL = "-O";
				VALIDATE_PRODUCT = YES;
			};
			name = Release;
		};
		2B2FAC9629F37EB70086361D /* Debug */ = {
			isa = XCBuildConfiguration;
			buildSettings = {
				ASSETCATALOG_COMPILER_APPICON_NAME = AppIcon;
				ASSETCATALOG_COMPILER_GLOBAL_ACCENT_COLOR_NAME = AccentColor;
				CODE_SIGN_STYLE = Automatic;
				CURRENT_PROJECT_VERSION = 1;
				DEVELOPMENT_TEAM = 7L7GWDCXQB;
				GENERATE_INFOPLIST_FILE = YES;
				INFOPLIST_FILE = scanImage/Info.plist;
				INFOPLIST_KEY_UIApplicationSupportsIndirectInputEvents = YES;
				INFOPLIST_KEY_UILaunchStoryboardName = LaunchScreen;
				INFOPLIST_KEY_UIMainStoryboardFile = Main;
				INFOPLIST_KEY_UISupportedInterfaceOrientations_iPad = "UIInterfaceOrientationPortrait UIInterfaceOrientationPortraitUpsideDown UIInterfaceOrientationLandscapeLeft UIInterfaceOrientationLandscapeRight";
				INFOPLIST_KEY_UISupportedInterfaceOrientations_iPhone = "UIInterfaceOrientationPortrait UIInterfaceOrientationLandscapeLeft UIInterfaceOrientationLandscapeRight";
				IPHONEOS_DEPLOYMENT_TARGET = 13.6;
				LD_RUNPATH_SEARCH_PATHS = (
					"$(inherited)",
					"@executable_path/Frameworks",
				);
				MARKETING_VERSION = 1.0;
				PRODUCT_BUNDLE_IDENTIFIER = apppro.scanImage;
				PRODUCT_NAME = "$(TARGET_NAME)";
				SWIFT_EMIT_LOC_STRINGS = YES;
				SWIFT_VERSION = 5.0;
				TARGETED_DEVICE_FAMILY = "1,2";
			};
			name = Debug;
		};
		2B2FAC9729F37EB70086361D /* Release */ = {
			isa = XCBuildConfiguration;
			buildSettings = {
				ASSETCATALOG_COMPILER_APPICON_NAME = AppIcon;
				ASSETCATALOG_COMPILER_GLOBAL_ACCENT_COLOR_NAME = AccentColor;
				CODE_SIGN_STYLE = Automatic;
				CURRENT_PROJECT_VERSION = 1;
				DEVELOPMENT_TEAM = 7L7GWDCXQB;
				GENERATE_INFOPLIST_FILE = YES;
				INFOPLIST_FILE = scanImage/Info.plist;
				INFOPLIST_KEY_UIApplicationSupportsIndirectInputEvents = YES;
				INFOPLIST_KEY_UILaunchStoryboardName = LaunchScreen;
				INFOPLIST_KEY_UIMainStoryboardFile = Main;
				INFOPLIST_KEY_UISupportedInterfaceOrientations_iPad = "UIInterfaceOrientationPortrait UIInterfaceOrientationPortraitUpsideDown UIInterfaceOrientationLandscapeLeft UIInterfaceOrientationLandscapeRight";
				INFOPLIST_KEY_UISupportedInterfaceOrientations_iPhone = "UIInterfaceOrientationPortrait UIInterfaceOrientationLandscapeLeft UIInterfaceOrientationLandscapeRight";
				IPHONEOS_DEPLOYMENT_TARGET = 13.6;
				LD_RUNPATH_SEARCH_PATHS = (
					"$(inherited)",
					"@executable_path/Frameworks",
				);
				MARKETING_VERSION = 1.0;
				PRODUCT_BUNDLE_IDENTIFIER = apppro.scanImage;
				PRODUCT_NAME = "$(TARGET_NAME)";
				SWIFT_EMIT_LOC_STRINGS = YES;
				SWIFT_VERSION = 5.0;
				TARGETED_DEVICE_FAMILY = "1,2";
			};
			name = Release;
		};
/* End XCBuildConfiguration section */

/* Begin XCConfigurationList section */
		2B2FAC7C29F37EB60086361D /* Build configuration list for PBXProject "scanImage" */ = {
			isa = XCConfigurationList;
			buildConfigurations = (
				2B2FAC9329F37EB70086361D /* Debug */,
				2B2FAC9429F37EB70086361D /* Release */,
			);
			defaultConfigurationIsVisible = 0;
			defaultConfigurationName = Release;
		};
		2B2FAC9529F37EB70086361D /* Build configuration list for PBXNativeTarget "scanImage" */ = {
			isa = XCConfigurationList;
			buildConfigurations = (
				2B2FAC9629F37EB70086361D /* Debug */,
				2B2FAC9729F37EB70086361D /* Release */,
			);
			defaultConfigurationIsVisible = 0;
			defaultConfigurationName = Release;
		};
/* End XCConfigurationList section */
	};
	rootObject = 2B2FAC7929F37EB60086361D /* Project object */;
}
